
Microsoft Visual Studio Solution File, Format Version 12.00
# Visual Studio Version 16
VisualStudioVersion = 16.0.29230.47
MinimumVisualStudioVersion = 10.0.40219.1
Project("{9A19103F-16F7-4668-BE54-9A1E7A4F7556}") = "AmbientFuckery", "AmbientFuckery\AmbientFuckery.csproj", "{58F4D7A0-9C7E-4D29-A2B0-5A34E04BCE0C}"
EndProject
Project("{FAE04EC0-301F-11D3-BF4B-00C04F79EFBC}") = "CephissusBackend", "CephissusBackend\CephissusBackend.csproj", "{06DF5744-3A86-4D3E-AB59-A65112876376}"
EndProject
Global
	GlobalSection(SolutionConfigurationPlatforms) = preSolution
		Debug|Any CPU = Debug|Any CPU
		Release|Any CPU = Release|Any CPU
	EndGlobalSection
	GlobalSection(ProjectConfigurationPlatforms) = postSolution
		{58F4D7A0-9C7E-4D29-A2B0-5A34E04BCE0C}.Debug|Any CPU.ActiveCfg = Debug|Any CPU
		{58F4D7A0-9C7E-4D29-A2B0-5A34E04BCE0C}.Debug|Any CPU.Build.0 = Debug|Any CPU
		{58F4D7A0-9C7E-4D29-A2B0-5A34E04BCE0C}.Release|Any CPU.ActiveCfg = Release|Any CPU
		{58F4D7A0-9C7E-4D29-A2B0-5A34E04BCE0C}.Release|Any CPU.Build.0 = Release|Any CPU
		{06DF5744-3A86-4D3E-AB59-A65112876376}.Debug|Any CPU.ActiveCfg = Debug|Any CPU
		{06DF5744-3A86-4D3E-AB59-A65112876376}.Debug|Any CPU.Build.0 = Debug|Any CPU
		{06DF5744-3A86-4D3E-AB59-A65112876376}.Release|Any CPU.ActiveCfg = Release|Any CPU
		{06DF5744-3A86-4D3E-AB59-A65112876376}.Release|Any CPU.Build.0 = Release|Any CPU
	EndGlobalSection
	GlobalSection(SolutionProperties) = preSolution
		HideSolutionNode = FALSE
	EndGlobalSection
	GlobalSection(ExtensibilityGlobals) = postSolution
		SolutionGuid = {FF0AE2BF-06D0-485E-B75E-22D0FEBC11EC}
	EndGlobalSection
EndGlobal
